
Microsoft Visual Studio Solution File, Format Version 12.00
# Visual Studio Version 16
VisualStudioVersion = 16.0.30711.63
MinimumVisualStudioVersion = 10.0.40219.1
Project("{8BC9CEB8-8B4A-11D0-8D11-00A0C91BC942}") = "MandelbrotSet", "MandelbrotSet\MandelbrotSet.vcxproj", "{0573E9A6-AE25-48A5-A0BB-DAC60BF3B272}"
EndProject
Global
	GlobalSection(SolutionConfigurationPlatforms) = preSolution
		Debug|x64 = Debug|x64
		Debug|x86 = Debug|x86
		Release|x64 = Release|x64
		Release|x86 = Release|x86
	EndGlobalSection
	GlobalSection(ProjectConfigurationPlatforms) = postSolution
		{0573E9A6-AE25-48A5-A0BB-DAC60BF3B272}.Debug|x64.ActiveCfg = Debug|x64
		{0573E9A6-AE25-48A5-A0BB-DAC60BF3B272}.Debug|x64.Build.0 = Debug|x64
		{0573E9A6-AE25-48A5-A0BB-DAC60BF3B272}.Debug|x86.ActiveCfg = Debug|Win32
		{0573E9A6-AE25-48A5-A0BB-DAC60BF3B272}.Debug|x86.Build.0 = Debug|Win32
		{0573E9A6-AE25-48A5-A0BB-DAC60BF3B272}.Release|x64.ActiveCfg = Release|x64
		{0573E9A6-AE25-48A5-A0BB-DAC60BF3B272}.Release|x64.Build.0 = Release|x64
		{0573E9A6-AE25-48A5-A0BB-DAC60BF3B272}.Release|x86.ActiveCfg = Release|Win32
		{0573E9A6-AE25-48A5-A0BB-DAC60BF3B272}.Release|x86.Build.0 = Release|Win32
	EndGlobalSection
	GlobalSection(SolutionProperties) = preSolution
		HideSolutionNode = FALSE
	EndGlobalSection
	GlobalSection(ExtensibilityGlobals) = postSolution
		SolutionGuid = {06993DDC-F37E-402A-B5FF-7481D6786A7F}
	EndGlobalSection
EndGlobal
